{
  "name": "dsh-conversation-rail",
  "version": "0.1.0",
  "lockfileVersion": 3,
  "requires": true,
  "packages": {
    "": {
      "name": "dsh-conversation-rail",
      "version": "0.1.0",
      "license": "BSD-3-Clause",
      "devDependencies": {
        "@types/node": "^24.13.3",
        "tsdown": "^0.22.14",
        "typescript": "^5.9.0"
      },
      "peerDependencies": {
        "@deepseek-ai/dsh-client-runtime": ">=0.0.1-rc.1 <0.1.0 || >=0.1.0-rc.1 <0.2.0-0",
        "@deepseek-ai/dsh-client-ui-slots": ">=0.0.1-rc.1 <0.1.0 || >=0.1.0-rc.1 <0.2.0-0"
      },
      "peerDependenciesMeta": {
        "@deepseek-ai/dsh-client-runtime": {
          "optional": true
        },
        "@deepseek-ai/dsh-client-ui-slots": {
          "optional": true
        }
      }
    },
    "../Video Agent/video-agent/node_modules/@types/node": {
      "version": "24.13.3",
      "extraneous": true,
      "license": "MIT",
      "dependencies": {
        "undici-types": "~7.18.0"
      }
    },
    "../Video Agent/video-agent/node_modules/tsdown": {
      "version": "0.22.14",
      "dev": true,
      "license": "MIT",
      "dependencies": {
        "ansis": "^4.3.1",
        "cac": "^7.0.0",
        "defu": "^6.1.7",
        "empathic": "^2.0.1",
        "hookable": "^6.1.1",
        "import-without-cache": "^0.4.0",
        "obug": "^2.1.4",
        "picomatch": "^4.0.5",
        "rolldown": "~1.2.0",
        "rolldown-plugin-dts": "^0.27.13",
        "tinyexec": "^1.2.4",
        "tinyglobby": "^0.2.17",
        "tree-kill": "^1.2.2",
        "unconfig-core": "^7.5.0",
        "verkit": "^0.3.0"
      },
      "bin": {
        "tsdown": "dist/run.mjs"
      },
      "devDependencies": {
        "@arethetypeswrong/core": "^0.18.5",
        "@sxzz/eslint-config": "^8.3.1",
        "@sxzz/prettier-config": "^2.3.2",
        "@sxzz/test-utils": "^0.5.18",
        "@tsdown/css": "0.22.14",
        "@tsdown/exe": "0.22.14",
        "@types/node": "^26.1.1",
        "@types/picomatch": "^4.0.3",
        "@typescript/native-preview": "npm:typescript@7.0.2",
        "@unocss/eslint-plugin": "^66.7.5",
        "@vitejs/devtools": "^0.4.5",
        "@vitest/coverage-v8": "^4.1.10",
        "@vitest/ui": "^4.1.10",
        "@vueuse/core": "^14.3.0",
        "actionspack": "^0.1.5",
        "baseline-browser-mapping": "^2.11.1",
        "bumpp": "^12.0.0",
        "dedent": "^1.7.2",
        "eslint": "^10.7.0",
        "memfs": "^4.64.0",
        "package-manager-detector": "^1.8.0",
        "pkg-types": "^2.3.1",
        "postcss": "^8.5.22",
        "postcss-import": "^16.1.1",
        "prettier": "^3.9.6",
        "publint": "^0.3.22",
        "rolldown-plugin-require-cjs": "^0.4.1",
        "sass": "^1.101.6",
        "tsnapi": "^1.2.0",
        "tsx": "^4.23.1",
        "typescript": "~6.0.3",
        "unocss": "^66.7.5",
        "unplugin-ast": "^0.17.2",
        "unplugin-raw": "^0.7.0",
        "unplugin-unused": "^0.5.7",
        "unplugin-vue": "^7.2.0",
        "unrun": "^0.3.1",
        "vite": "^8.1.5",
        "vitest": "^4.1.10",
        "vue": "^3.5.40"
      },
      "engines": {
        "node": "^22.18.0 || >=24.11.0"
      },
      "funding": {
        "url": "https://github.com/sponsors/sxzz"
      },
      "peerDependencies": {
        "@arethetypeswrong/core": "^0.18.1",
        "@tsdown/css": "0.22.14",
        "@tsdown/exe": "0.22.14",
        "@vitejs/devtools": "*",
        "publint": "^0.3.8",
        "tsx": "*",
        "typescript": "^5.0.0 || ^6.0.0 || ^7.0.0",
        "unplugin-unused": "^0.5.0",
        "unrun": "*"
      },
      "peerDependenciesMeta": {
        "@arethetypeswrong/core": {
          "optional": true
        },
        "@tsdown/css": {
          "optional": true
        },
        "@tsdown/exe": {
          "optional": true
        },
        "@vitejs/devtools": {
          "optional": true
        },
        "publint": {
          "optional": true
        },
        "tsx": {
          "optional": true
        },
        "typescript": {
          "optional": true
        },
        "unplugin-unused": {
          "optional": true
        },
        "unrun": {
          "optional": true
        }
      }
    },
    "node_modules/@types/node": {
      "version": "24.13.3",
      "resolved": "https://registry.npmjs.org/@types/node/-/node-24.13.3.tgz",
      "integrity": "sha512-Dh8vAsV36ig5wa9OX4pXvMc9D3Veibfw2wix0CUwYODLD8nkj9UsLjASr49nPg+2eKzxhBV+v7L8pXvT4e639Q==",
      "dev": true,
      "license": "MIT",
      "dependencies": {
        "undici-types": "~7.18.0"
      }
    },
    "node_modules/tsdown": {
      "resolved": "../Video Agent/video-agent/node_modules/tsdown",
      "link": true
    },
    "node_modules/typescript": {
      "version": "5.9.3",
      "resolved": "https://registry.npmjs.org/typescript/-/typescript-5.9.3.tgz",
      "integrity": "sha512-jl1vZzPDinLr9eUt3J/t7V6FgNEw9QjvBPdysz9KfQDD41fQrC2Y4vKQdiaUpFT4bXlb1RHhLpp8wtm6M5TgSw==",
      "dev": true,
      "license": "Apache-2.0",
      "bin": {
        "tsc": "bin/tsc",
        "tsserver": "bin/tsserver"
      },
      "engines": {
        "node": ">=14.17"
      }
    },
    "node_modules/undici-types": {
      "version": "7.18.2",
      "resolved": "https://registry.npmjs.org/undici-types/-/undici-types-7.18.2.tgz",
      "integrity": "sha512-AsuCzffGHJybSaRrmr5eHr81mwJU3kjw6M+uprWvCXiNeN9SOGwQ3Jn8jb8m3Z6izVgknn1R0FTCEAP2QrLY/w==",
      "dev": true,
      "license": "MIT"
    }
  }
}
